
Microsoft Visual Studio Solution File, Format Version 12.00
# Visual Studio 2012
Project("{FAE04EC0-301F-11D3-BF4B-00C04F79EFBC}") = "x360Utils", "x360Utils\x360Utils.csproj", "{5C5D1FE2-CE7E-41EE-A18D-9F38AD4C073C}"
EndProject
Project("{FAE04EC0-301F-11D3-BF4B-00C04F79EFBC}") = "x360UtilsTestGUI", "x360UtilsTestGUI\x360UtilsTestGUI.csproj", "{FC50921B-33AD-411E-BC28-361AA68D29B7}"
EndProject
Global
	GlobalSection(SolutionConfigurationPlatforms) = preSolution
		Debug|Any CPU = Debug|Any CPU
		Release_PrintDebug|Any CPU = Release_PrintDebug|Any CPU
		Release|Any CPU = Release|Any CPU
	EndGlobalSection
	GlobalSection(ProjectConfigurationPlatforms) = postSolution
		{5C5D1FE2-CE7E-41EE-A18D-9F38AD4C073C}.Debug|Any CPU.ActiveCfg = Debug|Any CPU
		{5C5D1FE2-CE7E-41EE-A18D-9F38AD4C073C}.Debug|Any CPU.Build.0 = Debug|Any CPU
		{5C5D1FE2-CE7E-41EE-A18D-9F38AD4C073C}.Release_PrintDebug|Any CPU.ActiveCfg = Release_PrintDebug|Any CPU
		{5C5D1FE2-CE7E-41EE-A18D-9F38AD4C073C}.Release_PrintDebug|Any CPU.Build.0 = Release_PrintDebug|Any CPU
		{5C5D1FE2-CE7E-41EE-A18D-9F38AD4C073C}.Release|Any CPU.ActiveCfg = Release|Any CPU
		{5C5D1FE2-CE7E-41EE-A18D-9F38AD4C073C}.Release|Any CPU.Build.0 = Release|Any CPU
		{FC50921B-33AD-411E-BC28-361AA68D29B7}.Debug|Any CPU.ActiveCfg = Debug|Any CPU
		{FC50921B-33AD-411E-BC28-361AA68D29B7}.Debug|Any CPU.Build.0 = Debug|Any CPU
		{FC50921B-33AD-411E-BC28-361AA68D29B7}.Release_PrintDebug|Any CPU.ActiveCfg = Release|Any CPU
		{FC50921B-33AD-411E-BC28-361AA68D29B7}.Release_PrintDebug|Any CPU.Build.0 = Release|Any CPU
		{FC50921B-33AD-411E-BC28-361AA68D29B7}.Release|Any CPU.ActiveCfg = Release|Any CPU
		{FC50921B-33AD-411E-BC28-361AA68D29B7}.Release|Any CPU.Build.0 = Release|Any CPU
	EndGlobalSection
	GlobalSection(SolutionProperties) = preSolution
		HideSolutionNode = FALSE
	EndGlobalSection
EndGlobal
